// !$*UTF8*$!
{
	archiveVersion = 1;
	classes = {
	};
	objectVersion = 56;
	objects = {

/* Begin PBXBuildFile section */
		0F2C3ABF2A4C3931003495F2 /* ApiCallViewModel.swift in Sources */ = {isa = PBXBuildFile; fileRef = 0F2C3ABE2A4C3931003495F2 /* ApiCallViewModel.swift */; };
		0F2C3AC22A4C3AD2003495F2 /* Products.swift in Sources */ = {isa = PBXBuildFile; fileRef = 0F2C3AC12A4C3AD2003495F2 /* Products.swift */; };
		0F2C3AC42A4C7276003495F2 /* ProductsFeed.swift in Sources */ = {isa = PBXBuildFile; fileRef = 0F2C3AC32A4C7276003495F2 /* ProductsFeed.swift */; };
		0F2C3AD92A52F413003495F2 /* SingleProduct.swift in Sources */ = {isa = PBXBuildFile; fileRef = 0F2C3AD82A52F413003495F2 /* SingleProduct.swift */; };
		0F2C3ADB2A52F467003495F2 /* ImageView.swift in Sources */ = {isa = PBXBuildFile; fileRef = 0F2C3ADA2A52F467003495F2 /* ImageView.swift */; };
		0F2C3ADD2A54046B003495F2 /* DummyView.swift in Sources */ = {isa = PBXBuildFile; fileRef = 0F2C3ADC2A54046B003495F2 /* DummyView.swift */; };
		0F2DF3D12A4AD77B00C01FAA /* HomeView.swift in Sources */ = {isa = PBXBuildFile; fileRef = 0F2DF3D02A4AD77B00C01FAA /* HomeView.swift */; };
		0F2DF3D52A4ADB0500C01FAA /* SignInView.swift in Sources */ = {isa = PBXBuildFile; fileRef = 0F2DF3D42A4ADB0500C01FAA /* SignInView.swift */; };
		0F2DF3D72A4AEE9A00C01FAA /* GoogleService-Info.plist in Resources */ = {isa = PBXBuildFile; fileRef = 0F2DF3D62A4AEE9A00C01FAA /* GoogleService-Info.plist */; };
		0FA404CD2A4A93C5007C206C /* GoogleService-Info.plist in Resources */ = {isa = PBXBuildFile; fileRef = 0FA404CC2A4A93C5007C206C /* GoogleService-Info.plist */; };
		0FA404D12A4A95B5007C206C /* FirebaseAuth in Frameworks */ = {isa = PBXBuildFile; productRef = 0FA404D02A4A95B5007C206C /* FirebaseAuth */; };
		0FA404D42A4A97C7007C206C /* FirebaseAuthService.swift in Sources */ = {isa = PBXBuildFile; fileRef = 0FA404D32A4A97C7007C206C /* FirebaseAuthService.swift */; };
		0FA6AC0A2A580AD300F43773 /* DeliveryDetailsView.swift in Sources */ = {isa = PBXBuildFile; fileRef = 0FA6AC092A580AD300F43773 /* DeliveryDetailsView.swift */; };
		0FA6AC0C2A580B1300F43773 /* ShoppingCartView.swift in Sources */ = {isa = PBXBuildFile; fileRef = 0FA6AC0B2A580B1300F43773 /* ShoppingCartView.swift */; };
		0FA6AC0E2A5810CB00F43773 /* GiftDetailsView.swift in Sources */ = {isa = PBXBuildFile; fileRef = 0FA6AC0D2A5810CB00F43773 /* GiftDetailsView.swift */; };
		0FB9BCC92A5E849600F280B4 /* ProductCategories.swift in Sources */ = {isa = PBXBuildFile; fileRef = 0FB9BCC82A5E849600F280B4 /* ProductCategories.swift */; };
		0FB9BCCB2A5E85C400F280B4 /* TrendingCategories.swift in Sources */ = {isa = PBXBuildFile; fileRef = 0FB9BCCA2A5E85C400F280B4 /* TrendingCategories.swift */; };
		0FBD7E402A44418B0001A76E /* SpreadaSmileApp.swift in Sources */ = {isa = PBXBuildFile; fileRef = 0FBD7E3F2A44418B0001A76E /* SpreadaSmileApp.swift */; };
		0FBD7E422A44418B0001A76E /* ContentView.swift in Sources */ = {isa = PBXBuildFile; fileRef = 0FBD7E412A44418B0001A76E /* ContentView.swift */; };
		0FBD7E442A44418C0001A76E /* Assets.xcassets in Resources */ = {isa = PBXBuildFile; fileRef = 0FBD7E432A44418C0001A76E /* Assets.xcassets */; };
		0FBD7E472A44418C0001A76E /* Preview Assets.xcassets in Resources */ = {isa = PBXBuildFile; fileRef = 0FBD7E462A44418C0001A76E /* Preview Assets.xcassets */; };
		0FBD7E512A44418C0001A76E /* SpreadaSmileTests.swift in Sources */ = {isa = PBXBuildFile; fileRef = 0FBD7E502A44418C0001A76E /* SpreadaSmileTests.swift */; };
		0FBD7E5B2A44418C0001A76E /* SpreadaSmileUITests.swift in Sources */ = {isa = PBXBuildFile; fileRef = 0FBD7E5A2A44418C0001A76E /* SpreadaSmileUITests.swift */; };
		0FBD7E5D2A44418C0001A76E /* SpreadaSmileUITestsLaunchTests.swift in Sources */ = {isa = PBXBuildFile; fileRef = 0FBD7E5C2A44418C0001A76E /* SpreadaSmileUITestsLaunchTests.swift */; };
		0FBF16AB2A56B569001C3A2E /* MainView.swift in Sources */ = {isa = PBXBuildFile; fileRef = 0FBF16AA2A56B569001C3A2E /* MainView.swift */; };
		0FBF16AD2A56B686001C3A2E /* FavoritesView.swift in Sources */ = {isa = PBXBuildFile; fileRef = 0FBF16AC2A56B686001C3A2E /* FavoritesView.swift */; };
		0FBF16AF2A56B6B2001C3A2E /* CategoriesView.swift in Sources */ = {isa = PBXBuildFile; fileRef = 0FBF16AE2A56B6B2001C3A2E /* CategoriesView.swift */; };
/* End PBXBuildFile section */

/* Begin PBXContainerItemProxy section */
		0FBD7E4D2A44418C0001A76E /* PBXContainerItemProxy */ = {
			isa = PBXContainerItemProxy;
			containerPortal = 0FBD7E342A44418B0001A76E /* Project object */;
			proxyType = 1;
			remoteGlobalIDString = 0FBD7E3B2A44418B0001A76E;
			remoteInfo = SpreadaSmile;
		};
		0FBD7E572A44418C0001A76E /* PBXContainerItemProxy */ = {
			isa = PBXContainerItemProxy;
			containerPortal = 0FBD7E342A44418B0001A76E /* Project object */;
			proxyType = 1;
			remoteGlobalIDString = 0FBD7E3B2A44418B0001A76E;
			remoteInfo = SpreadaSmile;
		};
/* End PBXContainerItemProxy section */

/* Begin PBXFileReference section */
		0F2C3ABE2A4C3931003495F2 /* ApiCallViewModel.swift */ = {isa = PBXFileReference; lastKnownFileType = sourcecode.swift; path = ApiCallViewModel.swift; sourceTree = "<group>"; };
		0F2C3AC12A4C3AD2003495F2 /* Products.swift */ = {isa = PBXFileReference; lastKnownFileType = sourcecode.swift; path = Products.swift; sourceTree = "<group>"; };
		0F2C3AC32A4C7276003495F2 /* ProductsFeed.swift */ = {isa = PBXFileReference; lastKnownFileType = sourcecode.swift; path = ProductsFeed.swift; sourceTree = "<group>"; };
		0F2C3AD82A52F413003495F2 /* SingleProduct.swift */ = {isa = PBXFileReference; lastKnownFileType = sourcecode.swift; path = SingleProduct.swift; sourceTree = "<group>"; };
		0F2C3ADA2A52F467003495F2 /* ImageView.swift */ = {isa = PBXFileReference; lastKnownFileType = sourcecode.swift; path = ImageView.swift; sourceTree = "<group>"; };
		0F2C3ADC2A54046B003495F2 /* DummyView.swift */ = {isa = PBXFileReference; lastKnownFileType = sourcecode.swift; path = DummyView.swift; sourceTree = "<group>"; };
		0F2DF3D02A4AD77B00C01FAA /* HomeView.swift */ = {isa = PBXFileReference; lastKnownFileType = sourcecode.swift; path = HomeView.swift; sourceTree = "<group>"; };
		0F2DF3D42A4ADB0500C01FAA /* SignInView.swift */ = {isa = PBXFileReference; lastKnownFileType = sourcecode.swift; path = SignInView.swift; sourceTree = "<group>"; };
		0F2DF3D62A4AEE9A00C01FAA /* GoogleService-Info.plist */ = {isa = PBXFileReference; fileEncoding = 4; lastKnownFileType = text.plist.xml; name = "GoogleService-Info.plist"; path = "../../../../Downloads/GoogleService-Info.plist"; sourceTree = "<group>"; };
		0FA404CA2A495383007C206C /* SpreadaSmile PflichtHeft.pages */ = {isa = PBXFileReference; lastKnownFileType = file; name = "SpreadaSmile PflichtHeft.pages"; path = "../../SpreadaSmile PflichtHeft.pages"; sourceTree = "<group>"; };
		0FA404CB2A49538A007C206C /* SpreadaSmile PflichtHeft.pages */ = {isa = PBXFileReference; lastKnownFileType = file; name = "SpreadaSmile PflichtHeft.pages"; path = "../SpreadaSmile PflichtHeft.pages"; sourceTree = "<group>"; };
		0FA404CC2A4A93C5007C206C /* GoogleService-Info.plist */ = {isa = PBXFileReference; fileEncoding = 4; lastKnownFileType = text.plist.xml; name = "GoogleService-Info.plist"; path = "../../../../../Downloads/GoogleService-Info.plist"; sourceTree = "<group>"; };
		0FA404D32A4A97C7007C206C /* FirebaseAuthService.swift */ = {isa = PBXFileReference; lastKnownFileType = sourcecode.swift; path = FirebaseAuthService.swift; sourceTree = "<group>"; };
		0FA6AC092A580AD300F43773 /* DeliveryDetailsView.swift */ = {isa = PBXFileReference; lastKnownFileType = sourcecode.swift; path = DeliveryDetailsView.swift; sourceTree = "<group>"; };
		0FA6AC0B2A580B1300F43773 /* ShoppingCartView.swift */ = {isa = PBXFileReference; lastKnownFileType = sourcecode.swift; path = ShoppingCartView.swift; sourceTree = "<group>"; };
		0FA6AC0D2A5810CB00F43773 /* GiftDetailsView.swift */ = {isa = PBXFileReference; lastKnownFileType = sourcecode.swift; path = GiftDetailsView.swift; sourceTree = "<group>"; };
		0FB9BCC82A5E849600F280B4 /* ProductCategories.swift */ = {isa = PBXFileReference; lastKnownFileType = sourcecode.swift; path = ProductCategories.swift; sourceTree = "<group>"; };
		0FB9BCCA2A5E85C400F280B4 /* TrendingCategories.swift */ = {isa = PBXFileReference; lastKnownFileType = sourcecode.swift; path = TrendingCategories.swift; sourceTree = "<group>"; };
		0FBD7E3C2A44418B0001A76E /* SpreadaSmile.app */ = {isa = PBXFileReference; explicitFileType = wrapper.application; includeInIndex = 0; path = SpreadaSmile.app; sourceTree = BUILT_PRODUCTS_DIR; };
		0FBD7E3F2A44418B0001A76E /* SpreadaSmileApp.swift */ = {isa = PBXFileReference; lastKnownFileType = sourcecode.swift; path = SpreadaSmileApp.swift; sourceTree = "<group>"; };
		0FBD7E412A44418B0001A76E /* ContentView.swift */ = {isa = PBXFileReference; lastKnownFileType = sourcecode.swift; path = ContentView.swift; sourceTree = "<group>"; };
		0FBD7E432A44418C0001A76E /* Assets.xcassets */ = {isa = PBXFileReference; lastKnownFileType = folder.assetcatalog; path = Assets.xcassets; sourceTree = "<group>"; };
		0FBD7E462A44418C0001A76E /* Preview Assets.xcassets */ = {isa = PBXFileReference; lastKnownFileType = folder.assetcatalog; path = "Preview Assets.xcassets"; sourceTree = "<group>"; };
		0FBD7E4C2A44418C0001A76E /* SpreadaSmileTests.xctest */ = {isa = PBXFileReference; explicitFileType = wrapper.cfbundle; includeInIndex = 0; path = SpreadaSmileTests.xctest; sourceTree = BUILT_PRODUCTS_DIR; };
		0FBD7E502A44418C0001A76E /* SpreadaSmileTests.swift */ = {isa = PBXFileReference; lastKnownFileType = sourcecode.swift; path = SpreadaSmileTests.swift; sourceTree = "<group>"; };
		0FBD7E562A44418C0001A76E /* SpreadaSmileUITests.xctest */ = {isa = PBXFileReference; explicitFileType = wrapper.cfbundle; includeInIndex = 0; path = SpreadaSmileUITests.xctest; sourceTree = BUILT_PRODUCTS_DIR; };
		0FBD7E5A2A44418C0001A76E /* SpreadaSmileUITests.swift */ = {isa = PBXFileReference; lastKnownFileType = sourcecode.swift; path = SpreadaSmileUITests.swift; sourceTree = "<group>"; };
		0FBD7E5C2A44418C0001A76E /* SpreadaSmileUITestsLaunchTests.swift */ = {isa = PBXFileReference; lastKnownFileType = sourcecode.swift; path = SpreadaSmileUITestsLaunchTests.swift; sourceTree = "<group>"; };
		0FBF16AA2A56B569001C3A2E /* MainView.swift */ = {isa = PBXFileReference; lastKnownFileType = sourcecode.swift; path = MainView.swift; sourceTree = "<group>"; };
		0FBF16AC2A56B686001C3A2E /* FavoritesView.swift */ = {isa = PBXFileReference; lastKnownFileType = sourcecode.swift; path = FavoritesView.swift; sourceTree = "<group>"; };
		0FBF16AE2A56B6B2001C3A2E /* CategoriesView.swift */ = {isa = PBXFileReference; lastKnownFileType = sourcecode.swift; path = CategoriesView.swift; sourceTree = "<group>"; };
/* End PBXFileReference section */

/* Begin PBXFrameworksBuildPhase section */
		0FBD7E392A44418B0001A76E /* Frameworks */ = {
			isa = PBXFrameworksBuildPhase;
			buildActionMask = 2147483647;
			files = (
				0FA404D12A4A95B5007C206C /* FirebaseAuth in Frameworks */,
			);
			runOnlyForDeploymentPostprocessing = 0;
		};
		0FBD7E492A44418C0001A76E /* Frameworks */ = {
			isa = PBXFrameworksBuildPhase;
			buildActionMask = 2147483647;
			files = (
			);
			runOnlyForDeploymentPostprocessing = 0;
		};
		0FBD7E532A44418C0001A76E /* Frameworks */ = {
			isa = PBXFrameworksBuildPhase;
			buildActionMask = 2147483647;
			files = (
			);
			runOnlyForDeploymentPostprocessing = 0;
		};
/* End PBXFrameworksBuildPhase section */

/* Begin PBXGroup section */
		0F2C3ABD2A4C38FD003495F2 /* ViewModel */ = {
			isa = PBXGroup;
			children = (
				0F2C3ABE2A4C3931003495F2 /* ApiCallViewModel.swift */,
			);
			path = ViewModel;
			sourceTree = "<group>";
		};
		0F2C3AC02A4C3959003495F2 /* Model */ = {
			isa = PBXGroup;
			children = (
				0F2C3AC12A4C3AD2003495F2 /* Products.swift */,
				0F2C3AC32A4C7276003495F2 /* ProductsFeed.swift */,
				0FB9BCC82A5E849600F280B4 /* ProductCategories.swift */,
				0FB9BCCA2A5E85C400F280B4 /* TrendingCategories.swift */,
			);
			path = Model;
			sourceTree = "<group>";
		};
		0F2DF3CF2A4AD76000C01FAA /* Views */ = {
			isa = PBXGroup;
			children = (
				0F2DF3D02A4AD77B00C01FAA /* HomeView.swift */,
				0F2DF3D42A4ADB0500C01FAA /* SignInView.swift */,
				0F2C3AD82A52F413003495F2 /* SingleProduct.swift */,
				0F2C3ADA2A52F467003495F2 /* ImageView.swift */,
				0F2C3ADC2A54046B003495F2 /* DummyView.swift */,
				0FBF16AA2A56B569001C3A2E /* MainView.swift */,
				0FBF16AC2A56B686001C3A2E /* FavoritesView.swift */,
				0FBF16AE2A56B6B2001C3A2E /* CategoriesView.swift */,
				0FA6AC092A580AD300F43773 /* DeliveryDetailsView.swift */,
				0FA6AC0B2A580B1300F43773 /* ShoppingCartView.swift */,
				0FA6AC0D2A5810CB00F43773 /* GiftDetailsView.swift */,
			);
			path = Views;
			sourceTree = "<group>";
		};
		0FA404D22A4A97A9007C206C /* Service */ = {
			isa = PBXGroup;
			children = (
				0FA404D32A4A97C7007C206C /* FirebaseAuthService.swift */,
			);
			path = Service;
			sourceTree = "<group>";
		};
		0FBD7E332A44418B0001A76E = {
			isa = PBXGroup;
			children = (
				0F2DF3D62A4AEE9A00C01FAA /* GoogleService-Info.plist */,
				0FA404CB2A49538A007C206C /* SpreadaSmile PflichtHeft.pages */,
				0FBD7E3E2A44418B0001A76E /* SpreadaSmile */,
				0FBD7E4F2A44418C0001A76E /* SpreadaSmileTests */,
				0FBD7E592A44418C0001A76E /* SpreadaSmileUITests */,
				0FBD7E3D2A44418B0001A76E /* Products */,
			);
			sourceTree = "<group>";
		};
		0FBD7E3D2A44418B0001A76E /* Products */ = {
			isa = PBXGroup;
			children = (
				0FBD7E3C2A44418B0001A76E /* SpreadaSmile.app */,
				0FBD7E4C2A44418C0001A76E /* SpreadaSmileTests.xctest */,
				0FBD7E562A44418C0001A76E /* SpreadaSmileUITests.xctest */,
			);
			name = Products;
			sourceTree = "<group>";
		};
		0FBD7E3E2A44418B0001A76E /* SpreadaSmile */ = {
			isa = PBXGroup;
			children = (
				0F2C3AC02A4C3959003495F2 /* Model */,
				0F2C3ABD2A4C38FD003495F2 /* ViewModel */,
				0F2DF3CF2A4AD76000C01FAA /* Views */,
				0FA404D22A4A97A9007C206C /* Service */,
				0FBD7E3F2A44418B0001A76E /* SpreadaSmileApp.swift */,
				0FBD7E412A44418B0001A76E /* ContentView.swift */,
				0FBD7E432A44418C0001A76E /* Assets.xcassets */,
				0FBD7E452A44418C0001A76E /* Preview Content */,
			);
			path = SpreadaSmile;
			sourceTree = "<group>";
		};
		0FBD7E452A44418C0001A76E /* Preview Content */ = {
			isa = PBXGroup;
			children = (
				0FBD7E462A44418C0001A76E /* Preview Assets.xcassets */,
			);
			path = "Preview Content";
			sourceTree = "<group>";
		};
		0FBD7E4F2A44418C0001A76E /* SpreadaSmileTests */ = {
			isa = PBXGroup;
			children = (
				0FBD7E502A44418C0001A76E /* SpreadaSmileTests.swift */,
			);
			path = SpreadaSmileTests;
			sourceTree = "<group>";
		};
		0FBD7E592A44418C0001A76E /* SpreadaSmileUITests */ = {
			isa = PBXGroup;
			children = (
				0FBD7E5A2A44418C0001A76E /* SpreadaSmileUITests.swift */,
				0FBD7E5C2A44418C0001A76E /* SpreadaSmileUITestsLaunchTests.swift */,
				0FA404CA2A495383007C206C /* SpreadaSmile PflichtHeft.pages */,
				0FA404CC2A4A93C5007C206C /* GoogleService-Info.plist */,
			);
			path = SpreadaSmileUITests;
			sourceTree = "<group>";
		};
/* End PBXGroup section */

/* Begin PBXNativeTarget section */
		0FBD7E3B2A44418B0001A76E /* SpreadaSmile */ = {
			isa = PBXNativeTarget;
			buildConfigurationList = 0FBD7E602A44418C0001A76E /* Build configuration list for PBXNativeTarget "SpreadaSmile" */;
			buildPhases = (
				0FBD7E382A44418B0001A76E /* Sources */,
				0FBD7E392A44418B0001A76E /* Frameworks */,
				0FBD7E3A2A44418B0001A76E /* Resources */,
			);
			buildRules = (
			);
			dependencies = (
			);
			name = SpreadaSmile;
			packageProductDependencies = (
				0FA404D02A4A95B5007C206C /* FirebaseAuth */,
			);
			productName = SpreadaSmile;
			productReference = 0FBD7E3C2A44418B0001A76E /* SpreadaSmile.app */;
			productType = "com.apple.product-type.application";
		};
		0FBD7E4B2A44418C0001A76E /* SpreadaSmileTests */ = {
			isa = PBXNativeTarget;
			buildConfigurationList = 0FBD7E632A44418C0001A76E /* Build configuration list for PBXNativeTarget "SpreadaSmileTests" */;
			buildPhases = (
				0FBD7E482A44418C0001A76E /* Sources */,
				0FBD7E492A44418C0001A76E /* Frameworks */,
				0FBD7E4A2A44418C0001A76E /* Resources */,
			);
			buildRules = (
			);
			dependencies = (
				0FBD7E4E2A44418C0001A76E /* PBXTargetDependency */,
			);
			name = SpreadaSmileTests;
			productName = SpreadaSmileTests;
			productReference = 0FBD7E4C2A44418C0001A76E /* SpreadaSmileTests.xctest */;
			productType = "com.apple.product-type.bundle.unit-test";
		};
		0FBD7E552A44418C0001A76E /* SpreadaSmileUITests */ = {
			isa = PBXNativeTarget;
			buildConfigurationList = 0FBD7E662A44418C0001A76E /* Build configuration list for PBXNativeTarget "SpreadaSmileUITests" */;
			buildPhases = (
				0FBD7E522A44418C0001A76E /* Sources */,
				0FBD7E532A44418C0001A76E /* Frameworks */,
				0FBD7E542A44418C0001A76E /* Resources */,
			);
			buildRules = (
			);
			dependencies = (
				0FBD7E582A44418C0001A76E /* PBXTargetDependency */,
			);
			name = SpreadaSmileUITests;
			productName = SpreadaSmileUITests;
			productReference = 0FBD7E562A44418C0001A76E /* SpreadaSmileUITests.xctest */;
			productType = "com.apple.product-type.bundle.ui-testing";
		};
/* End PBXNativeTarget section */

/* Begin PBXProject section */
		0FBD7E342A44418B0001A76E /* Project object */ = {
			isa = PBXProject;
			attributes = {
				BuildIndependentTargetsInParallel = 1;
				LastSwiftUpdateCheck = 1430;
				LastUpgradeCheck = 1430;
				TargetAttributes = {
					0FBD7E3B2A44418B0001A76E = {
						CreatedOnToolsVersion = 14.3.1;
					};
					0FBD7E4B2A44418C0001A76E = {
						CreatedOnToolsVersion = 14.3.1;
						TestTargetID = 0FBD7E3B2A44418B0001A76E;
					};
					0FBD7E552A44418C0001A76E = {
						CreatedOnToolsVersion = 14.3.1;
						TestTargetID = 0FBD7E3B2A44418B0001A76E;
					};
				};
			};
			buildConfigurationList = 0FBD7E372A44418B0001A76E /* Build configuration list for PBXProject "SpreadaSmile" */;
			compatibilityVersion = "Xcode 14.0";
			developmentRegion = en;
			hasScannedForEncodings = 0;
			knownRegions = (
				en,
				Base,
			);
			mainGroup = 0FBD7E332A44418B0001A76E;
			packageReferences = (
				0FA404CF2A4A95B5007C206C /* XCRemoteSwiftPackageReference "firebase-ios-sdk" */,
			);
			productRefGroup = 0FBD7E3D2A44418B0001A76E /* Products */;
			projectDirPath = "";
			projectRoot = "";
			targets = (
				0FBD7E3B2A44418B0001A76E /* SpreadaSmile */,
				0FBD7E4B2A44418C0001A76E /* SpreadaSmileTests */,
				0FBD7E552A44418C0001A76E /* SpreadaSmileUITests */,
			);
		};
/* End PBXProject section */

/* Begin PBXResourcesBuildPhase section */
		0FBD7E3A2A44418B0001A76E /* Resources */ = {
			isa = PBXResourcesBuildPhase;
			buildActionMask = 2147483647;
			files = (
				0FBD7E472A44418C0001A76E /* Preview Assets.xcassets in Resources */,
				0FBD7E442A44418C0001A76E /* Assets.xcassets in Resources */,
				0F2DF3D72A4AEE9A00C01FAA /* GoogleService-Info.plist in Resources */,
			);
			runOnlyForDeploymentPostprocessing = 0;
		};
		0FBD7E4A2A44418C0001A76E /* Resources */ = {
			isa = PBXResourcesBuildPhase;
			buildActionMask = 2147483647;
			files = (
			);
			runOnlyForDeploymentPostprocessing = 0;
		};
		0FBD7E542A44418C0001A76E /* Resources */ = {
			isa = PBXResourcesBuildPhase;
			buildActionMask = 2147483647;
			files = (
				0FA404CD2A4A93C5007C206C /* GoogleService-Info.plist in Resources */,
			);
			runOnlyForDeploymentPostprocessing = 0;
		};
/* End PBXResourcesBuildPhase section */

/* Begin PBXSourcesBuildPhase section */
		0FBD7E382A44418B0001A76E /* Sources */ = {
			isa = PBXSourcesBuildPhase;
			buildActionMask = 2147483647;
			files = (
				0F2C3ADB2A52F467003495F2 /* ImageView.swift in Sources */,
				0FBF16AB2A56B569001C3A2E /* MainView.swift in Sources */,
				0FA6AC0A2A580AD300F43773 /* DeliveryDetailsView.swift in Sources */,
				0FBF16AD2A56B686001C3A2E /* FavoritesView.swift in Sources */,
				0F2DF3D52A4ADB0500C01FAA /* SignInView.swift in Sources */,
				0FBD7E422A44418B0001A76E /* ContentView.swift in Sources */,
				0F2DF3D12A4AD77B00C01FAA /* HomeView.swift in Sources */,
				0F2C3AC22A4C3AD2003495F2 /* Products.swift in Sources */,
				0FB9BCCB2A5E85C400F280B4 /* TrendingCategories.swift in Sources */,
				0FA404D42A4A97C7007C206C /* FirebaseAuthService.swift in Sources */,
				0FBF16AF2A56B6B2001C3A2E /* CategoriesView.swift in Sources */,
				0F2C3AD92A52F413003495F2 /* SingleProduct.swift in Sources */,
				0F2C3ADD2A54046B003495F2 /* DummyView.swift in Sources */,
				0F2C3AC42A4C7276003495F2 /* ProductsFeed.swift in Sources */,
				0FBD7E402A44418B0001A76E /* SpreadaSmileApp.swift in Sources */,
				0FA6AC0E2A5810CB00F43773 /* GiftDetailsView.swift in Sources */,
				0FA6AC0C2A580B1300F43773 /* ShoppingCartView.swift in Sources */,
				0F2C3ABF2A4C3931003495F2 /* ApiCallViewModel.swift in Sources */,
				0FB9BCC92A5E849600F280B4 /* ProductCategories.swift in Sources */,
			);
			runOnlyForDeploymentPostprocessing = 0;
		};
		0FBD7E482A44418C0001A76E /* Sources */ = {
			isa = PBXSourcesBuildPhase;
			buildActionMask = 2147483647;
			files = (
				0FBD7E512A44418C0001A76E /* SpreadaSmileTests.swift in Sources */,
			);
			runOnlyForDeploymentPostprocessing = 0;
		};
		0FBD7E522A44418C0001A76E /* Sources */ = {
			isa = PBXSourcesBuildPhase;
			buildActionMask = 2147483647;
			files = (
				0FBD7E5D2A44418C0001A76E /* SpreadaSmileUITestsLaunchTests.swift in Sources */,
				0FBD7E5B2A44418C0001A76E /* SpreadaSmileUITests.swift in Sources */,
			);
			runOnlyForDeploymentPostprocessing = 0;
		};
/* End PBXSourcesBuildPhase section */

/* Begin PBXTargetDependency section */
		0FBD7E4E2A44418C0001A76E /* PBXTargetDependency */ = {
			isa = PBXTargetDependency;
			target = 0FBD7E3B2A44418B0001A76E /* SpreadaSmile */;
			targetProxy = 0FBD7E4D2A44418C0001A76E /* PBXContainerItemProxy */;
		};
		0FBD7E582A44418C0001A76E /* PBXTargetDependency */ = {
			isa = PBXTargetDependency;
			target = 0FBD7E3B2A44418B0001A76E /* SpreadaSmile */;
			targetProxy = 0FBD7E572A44418C0001A76E /* PBXContainerItemProxy */;
		};
/* End PBXTargetDependency section */

/* Begin XCBuildConfiguration section */
		0FBD7E5E2A44418C0001A76E /* Debug */ = {
			isa = XCBuildConfiguration;
			buildSettings = {
				ALWAYS_SEARCH_USER_PATHS = NO;
				CLANG_ANALYZER_NONNULL = YES;
				CLANG_ANALYZER_NUMBER_OBJECT_CONVERSION = YES_AGGRESSIVE;
				CLANG_CXX_LANGUAGE_STANDARD = "gnu++20";
				CLANG_ENABLE_MODULES = YES;
				CLANG_ENABLE_OBJC_ARC = YES;
				CLANG_ENABLE_OBJC_WEAK = YES;
				CLANG_WARN_BLOCK_CAPTURE_AUTORELEASING = YES;
				CLANG_WARN_BOOL_CONVERSION = YES;
				CLANG_WARN_COMMA = YES;
				CLANG_WARN_CONSTANT_CONVERSION = YES;
				CLANG_WARN_DEPRECATED_OBJC_IMPLEMENTATIONS = YES;
				CLANG_WARN_DIRECT_OBJC_ISA_USAGE = YES_ERROR;
				CLANG_WARN_DOCUMENTATION_COMMENTS = YES;
				CLANG_WARN_EMPTY_BODY = YES;
				CLANG_WARN_ENUM_CONVERSION = YES;
				CLANG_WARN_INFINITE_RECURSION = YES;
				CLANG_WARN_INT_CONVERSION = YES;
				CLANG_WARN_NON_LITERAL_NULL_CONVERSION = YES;
				CLANG_WARN_OBJC_IMPLICIT_RETAIN_SELF = YES;
				CLANG_WARN_OBJC_LITERAL_CONVERSION = YES;
				CLANG_WARN_OBJC_ROOT_CLASS = YES_ERROR;
				CLANG_WARN_QUOTED_INCLUDE_IN_FRAMEWORK_HEADER = YES;
				CLANG_WARN_RANGE_LOOP_ANALYSIS = YES;
				CLANG_WARN_STRICT_PROTOTYPES = YES;
				CLANG_WARN_SUSPICIOUS_MOVE = YES;
				CLANG_WARN_UNGUARDED_AVAILABILITY = YES_AGGRESSIVE;
				CLANG_WARN_UNREACHABLE_CODE = YES;
				CLANG_WARN__DUPLICATE_METHOD_MATCH = YES;
				COPY_PHASE_STRIP = NO;
				DEBUG_INFORMATION_FORMAT = dwarf;
				ENABLE_STRICT_OBJC_MSGSEND = YES;
				ENABLE_TESTABILITY = YES;
				GCC_C_LANGUAGE_STANDARD = gnu11;
				GCC_DYNAMIC_NO_PIC = NO;
				GCC_NO_COMMON_BLOCKS = YES;
				GCC_OPTIMIZATION_LEVEL = 0;
				GCC_PREPROCESSOR_DEFINITIONS = (
					"DEBUG=1",
					"$(inherited)",
				);
				GCC_WARN_64_TO_32_BIT_CONVERSION = YES;
				GCC_WARN_ABOUT_RETURN_TYPE = YES_ERROR;
				GCC_WARN_UNDECLARED_SELECTOR = YES;
				GCC_WARN_UNINITIALIZED_AUTOS = YES_AGGRESSIVE;
				GCC_WARN_UNUSED_FUNCTION = YES;
				GCC_WARN_UNUSED_VARIABLE = YES;
				IPHONEOS_DEPLOYMENT_TARGET = 16.4;
				MTL_ENABLE_DEBUG_INFO = INCLUDE_SOURCE;
				MTL_FAST_MATH = YES;
				ONLY_ACTIVE_ARCH = YES;
				SDKROOT = iphoneos;
				SWIFT_ACTIVE_COMPILATION_CONDITIONS = DEBUG;
				SWIFT_OPTIMIZATION_LEVEL = "-Onone";
			};
			name = Debug;
		};
		0FBD7E5F2A44418C0001A76E /* Release */ = {
			isa = XCBuildConfiguration;
			buildSettings = {
				ALWAYS_SEARCH_USER_PATHS = NO;
				CLANG_ANALYZER_NONNULL = YES;
				CLANG_ANALYZER_NUMBER_OBJECT_CONVERSION = YES_AGGRESSIVE;
				CLANG_CXX_LANGUAGE_STANDARD = "gnu++20";
				CLANG_ENABLE_MODULES = YES;
				CLANG_ENABLE_OBJC_ARC = YES;
				CLANG_ENABLE_OBJC_WEAK = YES;
				CLANG_WARN_BLOCK_CAPTURE_AUTORELEASING = YES;
				CLANG_WARN_BOOL_CONVERSION = YES;
				CLANG_WARN_COMMA = YES;
				CLANG_WARN_CONSTANT_CONVERSION = YES;
				CLANG_WARN_DEPRECATED_OBJC_IMPLEMENTATIONS = YES;
				CLANG_WARN_DIRECT_OBJC_ISA_USAGE = YES_ERROR;
				CLANG_WARN_DOCUMENTATION_COMMENTS = YES;
				CLANG_WARN_EMPTY_BODY = YES;
				CLANG_WARN_ENUM_CONVERSION = YES;
				CLANG_WARN_INFINITE_RECURSION = YES;
				CLANG_WARN_INT_CONVERSION = YES;
				CLANG_WARN_NON_LITERAL_NULL_CONVERSION = YES;
				CLANG_WARN_OBJC_IMPLICIT_RETAIN_SELF = YES;
				CLANG_WARN_OBJC_LITERAL_CONVERSION = YES;
				CLANG_WARN_OBJC_ROOT_CLASS = YES_ERROR;
				CLANG_WARN_QUOTED_INCLUDE_IN_FRAMEWORK_HEADER = YES;
				CLANG_WARN_RANGE_LOOP_ANALYSIS = YES;
				CLANG_WARN_STRICT_PROTOTYPES = YES;
				CLANG_WARN_SUSPICIOUS_MOVE = YES;
				CLANG_WARN_UNGUARDED_AVAILABILITY = YES_AGGRESSIVE;
				CLANG_WARN_UNREACHABLE_CODE = YES;
				CLANG_WARN__DUPLICATE_METHOD_MATCH = YES;
				COPY_PHASE_STRIP = NO;
				DEBUG_INFORMATION_FORMAT = "dwarf-with-dsym";
				ENABLE_NS_ASSERTIONS = NO;
				ENABLE_STRICT_OBJC_MSGSEND = YES;
				GCC_C_LANGUAGE_STANDARD = gnu11;
				GCC_NO_COMMON_BLOCKS = YES;
				GCC_WARN_64_TO_32_BIT_CONVERSION = YES;
				GCC_WARN_ABOUT_RETURN_TYPE = YES_ERROR;
				GCC_WARN_UNDECLARED_SELECTOR = YES;
				GCC_WARN_UNINITIALIZED_AUTOS = YES_AGGRESSIVE;
				GCC_WARN_UNUSED_FUNCTION = YES;
				GCC_WARN_UNUSED_VARIABLE = YES;
				IPHONEOS_DEPLOYMENT_TARGET = 16.4;
				MTL_ENABLE_DEBUG_INFO = NO;
				MTL_FAST_MATH = YES;
				SDKROOT = iphoneos;
				SWIFT_COMPILATION_MODE = wholemodule;
				SWIFT_OPTIMIZATION_LEVEL = "-O";
				VALIDATE_PRODUCT = YES;
			};
			name = Release;
		};
		0FBD7E612A44418C0001A76E /* Debug */ = {
			isa = XCBuildConfiguration;
			buildSettings = {
				ASSETCATALOG_COMPILER_APPICON_NAME = AppIcon;
				ASSETCATALOG_COMPILER_GLOBAL_ACCENT_COLOR_NAME = AccentColor;
				CODE_SIGN_STYLE = Automatic;
				CURRENT_PROJECT_VERSION = 1;
				DEVELOPMENT_ASSET_PATHS = "\"SpreadaSmile/Preview Content\"";
				ENABLE_PREVIEWS = YES;
				GENERATE_INFOPLIST_FILE = YES;
				INFOPLIST_KEY_UIApplicationSceneManifest_Generation = YES;
				INFOPLIST_KEY_UIApplicationSupportsIndirectInputEvents = YES;
				INFOPLIST_KEY_UILaunchScreen_Generation = YES;
				INFOPLIST_KEY_UISupportedInterfaceOrientations_iPad = "UIInterfaceOrientationPortrait UIInterfaceOrientationPortraitUpsideDown UIInterfaceOrientationLandscapeLeft UIInterfaceOrientationLandscapeRight";
				INFOPLIST_KEY_UISupportedInterfaceOrientations_iPhone = "UIInterfaceOrientationPortrait UIInterfaceOrientationLandscapeLeft UIInterfaceOrientationLandscapeRight";
				LD_RUNPATH_SEARCH_PATHS = (
					"$(inherited)",
					"@executable_path/Frameworks",
				);
				MARKETING_VERSION = 1.0;
				PRODUCT_BUNDLE_IDENTIFIER = de.dinsha.SpreadaSmile;
				PRODUCT_NAME = "$(TARGET_NAME)";
				SWIFT_EMIT_LOC_STRINGS = YES;
				SWIFT_VERSION = 5.0;
				TARGETED_DEVICE_FAMILY = "1,2";
			};
			name = Debug;
		};
		0FBD7E622A44418C0001A76E /* Release */ = {
			isa = XCBuildConfiguration;
			buildSettings = {
				ASSETCATALOG_COMPILER_APPICON_NAME = AppIcon;
				ASSETCATALOG_COMPILER_GLOBAL_ACCENT_COLOR_NAME = AccentColor;
				CODE_SIGN_STYLE = Automatic;
				CURRENT_PROJECT_VERSION = 1;
				DEVELOPMENT_ASSET_PATHS = "\"SpreadaSmile/Preview Content\"";
				ENABLE_PREVIEWS = YES;
				GENERATE_INFOPLIST_FILE = YES;
				INFOPLIST_KEY_UIApplicationSceneManifest_Generation = YES;
				INFOPLIST_KEY_UIApplicationSupportsIndirectInputEvents = YES;
				INFOPLIST_KEY_UILaunchScreen_Generation = YES;
				INFOPLIST_KEY_UISupportedInterfaceOrientations_iPad = "UIInterfaceOrientationPortrait UIInterfaceOrientationPortraitUpsideDown UIInterfaceOrientationLandscapeLeft UIInterfaceOrientationLandscapeRight";
				INFOPLIST_KEY_UISupportedInterfaceOrientations_iPhone = "UIInterfaceOrientationPortrait UIInterfaceOrientationLandscapeLeft UIInterfaceOrientationLandscapeRight";
				LD_RUNPATH_SEARCH_PATHS = (
					"$(inherited)",
					"@executable_path/Frameworks",
				);
				MARKETING_VERSION = 1.0;
				PRODUCT_BUNDLE_IDENTIFIER = de.dinsha.SpreadaSmile;
				PRODUCT_NAME = "$(TARGET_NAME)";
				SWIFT_EMIT_LOC_STRINGS = YES;
				SWIFT_VERSION = 5.0;
				TARGETED_DEVICE_FAMILY = "1,2";
			};
			name = Release;
		};
		0FBD7E642A44418C0001A76E /* Debug */ = {
			isa = XCBuildConfiguration;
			buildSettings = {
				ALWAYS_EMBED_SWIFT_STANDARD_LIBRARIES = YES;
				BUNDLE_LOADER = "$(TEST_HOST)";
				CODE_SIGN_STYLE = Automatic;
				CURRENT_PROJECT_VERSION = 1;
				GENERATE_INFOPLIST_FILE = YES;
				IPHONEOS_DEPLOYMENT_TARGET = 16.4;
				MARKETING_VERSION = 1.0;
				PRODUCT_BUNDLE_IDENTIFIER = de.dinsha.SpreadaSmileTests;
				PRODUCT_NAME = "$(TARGET_NAME)";
				SWIFT_EMIT_LOC_STRINGS = NO;
				SWIFT_VERSION = 5.0;
				TARGETED_DEVICE_FAMILY = "1,2";
				TEST_HOST = "$(BUILT_PRODUCTS_DIR)/SpreadaSmile.app/$(BUNDLE_EXECUTABLE_FOLDER_PATH)/SpreadaSmile";
			};
			name = Debug;
		};
		0FBD7E652A44418C0001A76E /* Release */ = {
			isa = XCBuildConfiguration;
			buildSettings = {
				ALWAYS_EMBED_SWIFT_STANDARD_LIBRARIES = YES;
				BUNDLE_LOADER = "$(TEST_HOST)";
				CODE_SIGN_STYLE = Automatic;
				CURRENT_PROJECT_VERSION = 1;
				GENERATE_INFOPLIST_FILE = YES;
				IPHONEOS_DEPLOYMENT_TARGET = 16.4;
				MARKETING_VERSION = 1.0;
				PRODUCT_BUNDLE_IDENTIFIER = de.dinsha.SpreadaSmileTests;
				PRODUCT_NAME = "$(TARGET_NAME)";
				SWIFT_EMIT_LOC_STRINGS = NO;
				SWIFT_VERSION = 5.0;
				TARGETED_DEVICE_FAMILY = "1,2";
				TEST_HOST = "$(BUILT_PRODUCTS_DIR)/SpreadaSmile.app/$(BUNDLE_EXECUTABLE_FOLDER_PATH)/SpreadaSmile";
			};
			name = Release;
		};
		0FBD7E672A44418C0001A76E /* Debug */ = {
			isa = XCBuildConfiguration;
			buildSettings = {
				ALWAYS_EMBED_SWIFT_STANDARD_LIBRARIES = YES;
				CODE_SIGN_STYLE = Automatic;
				CURRENT_PROJECT_VERSION = 1;
				GENERATE_INFOPLIST_FILE = YES;
				MARKETING_VERSION = 1.0;
				PRODUCT_BUNDLE_IDENTIFIER = de.dinsha.SpreadaSmileUITests;
				PRODUCT_NAME = "$(TARGET_NAME)";
				SWIFT_EMIT_LOC_STRINGS = NO;
				SWIFT_VERSION = 5.0;
				TARGETED_DEVICE_FAMILY = "1,2";
				TEST_TARGET_NAME = SpreadaSmile;
			};
			name = Debug;
		};
		0FBD7E682A44418C0001A76E /* Release */ = {
			isa = XCBuildConfiguration;
			buildSettings = {
				ALWAYS_EMBED_SWIFT_STANDARD_LIBRARIES = YES;
				CODE_SIGN_STYLE = Automatic;
				CURRENT_PROJECT_VERSION = 1;
				GENERATE_INFOPLIST_FILE = YES;
				MARKETING_VERSION = 1.0;
				PRODUCT_BUNDLE_IDENTIFIER = de.dinsha.SpreadaSmileUITests;
				PRODUCT_NAME = "$(TARGET_NAME)";
				SWIFT_EMIT_LOC_STRINGS = NO;
				SWIFT_VERSION = 5.0;
				TARGETED_DEVICE_FAMILY = "1,2";
				TEST_TARGET_NAME = SpreadaSmile;
			};
			name = Release;
		};
/* End XCBuildConfiguration section */

/* Begin XCConfigurationList section */
		0FBD7E372A44418B0001A76E /* Build configuration list for PBXProject "SpreadaSmile" */ = {
			isa = XCConfigurationList;
			buildConfigurations = (
				0FBD7E5E2A44418C0001A76E /* Debug */,
				0FBD7E5F2A44418C0001A76E /* Release */,
			);
			defaultConfigurationIsVisible = 0;
			defaultConfigurationName = Release;
		};
		0FBD7E602A44418C0001A76E /* Build configuration list for PBXNativeTarget "SpreadaSmile" */ = {
			isa = XCConfigurationList;
			buildConfigurations = (
				0FBD7E612A44418C0001A76E /* Debug */,
				0FBD7E622A44418C0001A76E /* Release */,
			);
			defaultConfigurationIsVisible = 0;
			defaultConfigurationName = Release;
		};
		0FBD7E632A44418C0001A76E /* Build configuration list for PBXNativeTarget "SpreadaSmileTests" */ = {
			isa = XCConfigurationList;
			buildConfigurations = (
				0FBD7E642A44418C0001A76E /* Debug */,
				0FBD7E652A44418C0001A76E /* Release */,
			);
			defaultConfigurationIsVisible = 0;
			defaultConfigurationName = Release;
		};
		0FBD7E662A44418C0001A76E /* Build configuration list for PBXNativeTarget "SpreadaSmileUITests" */ = {
			isa = XCConfigurationList;
			buildConfigurations = (
				0FBD7E672A44418C0001A76E /* Debug */,
				0FBD7E682A44418C0001A76E /* Release */,
			);
			defaultConfigurationIsVisible = 0;
			defaultConfigurationName = Release;
		};
/* End XCConfigurationList section */

/* Begin XCRemoteSwiftPackageReference section */
		0FA404CF2A4A95B5007C206C /* XCRemoteSwiftPackageReference "firebase-ios-sdk" */ = {
			isa = XCRemoteSwiftPackageReference;
			repositoryURL = "https://github.com/firebase/firebase-ios-sdk";
			requirement = {
				branch = master;
				kind = branch;
			};
		};
/* End XCRemoteSwiftPackageReference section */

/* Begin XCSwiftPackageProductDependency section */
		0FA404D02A4A95B5007C206C /* FirebaseAuth */ = {
			isa = XCSwiftPackageProductDependency;
			package = 0FA404CF2A4A95B5007C206C /* XCRemoteSwiftPackageReference "firebase-ios-sdk" */;
			productName = FirebaseAuth;
		};
/* End XCSwiftPackageProductDependency section */
	};
	rootObject = 0FBD7E342A44418B0001A76E /* Project object */;
}
